
Microsoft Visual Studio Solution File, Format Version 12.00
# Visual Studio Version 16
VisualStudioVersion = 16.0.31515.178
MinimumVisualStudioVersion = 10.0.40219.1
Project("{FAE04EC0-301F-11D3-BF4B-00C04F79EFBC}") = "ApiCatalogoJogos", "ApiCatalogoJogos\ApiCatalogoJogos.csproj", "{DD504D49-0313-4D2A-B86B-D7711E798613}"
EndProject
Global
	GlobalSection(SolutionConfigurationPlatforms) = preSolution
		Debug|Any CPU = Debug|Any CPU
		Release|Any CPU = Release|Any CPU
	EndGlobalSection
	GlobalSection(ProjectConfigurationPlatforms) = postSolution
		{DD504D49-0313-4D2A-B86B-D7711E798613}.Debug|Any CPU.ActiveCfg = Debug|Any CPU
		{DD504D49-0313-4D2A-B86B-D7711E798613}.Debug|Any CPU.Build.0 = Debug|Any CPU
		{DD504D49-0313-4D2A-B86B-D7711E798613}.Release|Any CPU.ActiveCfg = Release|Any CPU
		{DD504D49-0313-4D2A-B86B-D7711E798613}.Release|Any CPU.Build.0 = Release|Any CPU
	EndGlobalSection
	GlobalSection(SolutionProperties) = preSolution
		HideSolutionNode = FALSE
	EndGlobalSection
	GlobalSection(ExtensibilityGlobals) = postSolution
		SolutionGuid = {9403BD72-9632-4DF8-A927-209A484C84A6}
	EndGlobalSection
EndGlobal
